
Microsoft Visual Studio Solution File, Format Version 11.00
# Visual Studio 2010
Project("{FAE04EC0-301F-11D3-BF4B-00C04F79EFBC}") = "UnityTemplate", "Assembly-CSharp.csproj", "{3658A11D-0705-6170-AD99-E0C0A398B9FE}"
EndProject
Global
	GlobalSection(SolutionConfigurationPlatforms) = preSolution
		Debug|Any CPU = Debug|Any CPU
		Release|Any CPU = Release|Any CPU
	EndGlobalSection
	GlobalSection(ProjectConfigurationPlatforms) = postSolution
		{3658A11D-0705-6170-AD99-E0C0A398B9FE}.Debug|Any CPU.ActiveCfg = Debug|Any CPU
		{3658A11D-0705-6170-AD99-E0C0A398B9FE}.Debug|Any CPU.Build.0 = Debug|Any CPU
		{3658A11D-0705-6170-AD99-E0C0A398B9FE}.Release|Any CPU.ActiveCfg = Release|Any CPU
		{3658A11D-0705-6170-AD99-E0C0A398B9FE}.Release|Any CPU.Build.0 = Release|Any CPU
	EndGlobalSection
	GlobalSection(SolutionProperties) = preSolution
		HideSolutionNode = FALSE
	EndGlobalSection
	GlobalSection(MonoDevelopProperties) = preSolution
		StartupItem = Assembly-CSharp.csproj
	EndGlobalSection
EndGlobal
